
Microsoft Visual Studio Solution File, Format Version 12.00
# Visual Studio Version 17
VisualStudioVersion = 17.0.32014.148
MinimumVisualStudioVersion = 10.0.40219.1
Project("{FAE04EC0-301F-11D3-BF4B-00C04F79EFBC}") = "MethodsWithLoopsAndConditionals", "MethodsWithLoopsAndConditionals\MethodsWithLoopsAndConditionals.csproj", "{92F94D41-DE09-4734-A1B6-1C0595EA872C}"
EndProject
Global
	GlobalSection(SolutionConfigurationPlatforms) = preSolution
		Debug|Any CPU = Debug|Any CPU
		Release|Any CPU = Release|Any CPU
	EndGlobalSection
	GlobalSection(ProjectConfigurationPlatforms) = postSolution
		{92F94D41-DE09-4734-A1B6-1C0595EA872C}.Debug|Any CPU.ActiveCfg = Debug|Any CPU
		{92F94D41-DE09-4734-A1B6-1C0595EA872C}.Debug|Any CPU.Build.0 = Debug|Any CPU
		{92F94D41-DE09-4734-A1B6-1C0595EA872C}.Release|Any CPU.ActiveCfg = Release|Any CPU
		{92F94D41-DE09-4734-A1B6-1C0595EA872C}.Release|Any CPU.Build.0 = Release|Any CPU
	EndGlobalSection
	GlobalSection(SolutionProperties) = preSolution
		HideSolutionNode = FALSE
	EndGlobalSection
	GlobalSection(ExtensibilityGlobals) = postSolution
		SolutionGuid = {14A9CEF6-EFBE-4ECE-9992-8926074CE402}
	EndGlobalSection
EndGlobal
